
Microsoft Visual Studio Solution File, Format Version 12.00
# Visual Studio 15
Project("{FAE04EC0-301F-11D3-BF4B-00C04F79EFBC}") = "Mirror.Examples", "Mirror.Examples.csproj", "{70A1CEB8-1095-7669-394C-75C202C73D21}"
EndProject
Project("{FAE04EC0-301F-11D3-BF4B-00C04F79EFBC}") = "Mirror", "Mirror.csproj", "{41427183-A469-2EB0-2C5C-A2F5A5BD2777}"
EndProject
Project("{FAE04EC0-301F-11D3-BF4B-00C04F79EFBC}") = "Edgegap", "Edgegap.csproj", "{8345E133-93EE-B786-B81E-2429EBBBB820}"
EndProject
Project("{FAE04EC0-301F-11D3-BF4B-00C04F79EFBC}") = "DissonanceVoip", "DissonanceVoip.csproj", "{18BAE45F-DC8B-12CA-736C-CA213E8123C8}"
EndProject
Project("{FAE04EC0-301F-11D3-BF4B-00C04F79EFBC}") = "Assembly-CSharp-Editor", "Assembly-CSharp-Editor.csproj", "{4960EE57-B4F9-FBB1-73F6-19878713883A}"
EndProject
Project("{FAE04EC0-301F-11D3-BF4B-00C04F79EFBC}") = "Mirror.Transports", "Mirror.Transports.csproj", "{5875C1A7-76DA-B20F-109C-7B5086525BA2}"
EndProject
Project("{FAE04EC0-301F-11D3-BF4B-00C04F79EFBC}") = "Mirror.Components", "Mirror.Components.csproj", "{457D184C-A712-8E9C-843E-29E0D34374A0}"
EndProject
Project("{FAE04EC0-301F-11D3-BF4B-00C04F79EFBC}") = "Unity.Mirror.CodeGen", "Unity.Mirror.CodeGen.csproj", "{3FDD640B-12D1-122A-F3D3-1DD0F7BB367A}"
EndProject
Project("{FAE04EC0-301F-11D3-BF4B-00C04F79EFBC}") = "DissonanceVoipEditor", "DissonanceVoipEditor.csproj", "{8E1329C1-7397-E51F-11F4-31CAC6F28F4C}"
EndProject
Project("{FAE04EC0-301F-11D3-BF4B-00C04F79EFBC}") = "Mirror.Editor", "Mirror.Editor.csproj", "{F5019A37-72DF-161D-8C46-B67B5BEC56F6}"
EndProject
Project("{FAE04EC0-301F-11D3-BF4B-00C04F79EFBC}") = "Telepathy", "Telepathy.csproj", "{A7B8FD47-D0E3-8C39-E496-14C6E10E3DF3}"
EndProject
Project("{FAE04EC0-301F-11D3-BF4B-00C04F79EFBC}") = "SimpleWebTransport", "SimpleWebTransport.csproj", "{9E0B2B19-C02F-E627-B21A-9BB661CB485E}"
EndProject
Project("{FAE04EC0-301F-11D3-BF4B-00C04F79EFBC}") = "Assembly-CSharp", "Assembly-CSharp.csproj", "{623D8A61-EEB2-7045-2C2F-120A784A22EB}"
EndProject
Project("{FAE04EC0-301F-11D3-BF4B-00C04F79EFBC}") = "ParrelSync", "ParrelSync.csproj", "{38936372-AA27-649F-50F4-1C694B6B2E78}"
EndProject
Project("{FAE04EC0-301F-11D3-BF4B-00C04F79EFBC}") = "kcp2k", "kcp2k.csproj", "{C701DE2B-F8F5-102F-188F-D8C98F34D6EA}"
EndProject
Project("{FAE04EC0-301F-11D3-BF4B-00C04F79EFBC}") = "Mirror.Authenticators", "Mirror.Authenticators.csproj", "{CC504D0F-3756-A392-3C2E-767631724D41}"
EndProject
Project("{FAE04EC0-301F-11D3-BF4B-00C04F79EFBC}") = "EncryptionTransportEditor", "EncryptionTransportEditor.csproj", "{A88AF4E9-F52D-299A-387A-D363B31FF264}"
EndProject
Project("{FAE04EC0-301F-11D3-BF4B-00C04F79EFBC}") = "Mirror.CompilerSymbols", "Mirror.CompilerSymbols.csproj", "{F02D5463-17C9-D9CA-9C14-3F3426C45022}"
EndProject
Global
	GlobalSection(SolutionConfigurationPlatforms) = preSolution
		Debug|Any CPU = Debug|Any CPU
		Release|Any CPU = Release|Any CPU
	EndGlobalSection
	GlobalSection(ProjectConfigurationPlatforms) = postSolution
		{70A1CEB8-1095-7669-394C-75C202C73D21}.Debug|Any CPU.ActiveCfg = Debug|Any CPU
		{70A1CEB8-1095-7669-394C-75C202C73D21}.Debug|Any CPU.Build.0 = Debug|Any CPU
		{70A1CEB8-1095-7669-394C-75C202C73D21}.Release|Any CPU.ActiveCfg = Release|Any CPU
		{70A1CEB8-1095-7669-394C-75C202C73D21}.Release|Any CPU.Build.0 = Release|Any CPU
		{41427183-A469-2EB0-2C5C-A2F5A5BD2777}.Debug|Any CPU.ActiveCfg = Debug|Any CPU
		{41427183-A469-2EB0-2C5C-A2F5A5BD2777}.Debug|Any CPU.Build.0 = Debug|Any CPU
		{41427183-A469-2EB0-2C5C-A2F5A5BD2777}.Release|Any CPU.ActiveCfg = Release|Any CPU
		{41427183-A469-2EB0-2C5C-A2F5A5BD2777}.Release|Any CPU.Build.0 = Release|Any CPU
		{8345E133-93EE-B786-B81E-2429EBBBB820}.Debug|Any CPU.ActiveCfg = Debug|Any CPU
		{8345E133-93EE-B786-B81E-2429EBBBB820}.Debug|Any CPU.Build.0 = Debug|Any CPU
		{8345E133-93EE-B786-B81E-2429EBBBB820}.Release|Any CPU.ActiveCfg = Release|Any CPU
		{8345E133-93EE-B786-B81E-2429EBBBB820}.Release|Any CPU.Build.0 = Release|Any CPU
		{18BAE45F-DC8B-12CA-736C-CA213E8123C8}.Debug|Any CPU.ActiveCfg = Debug|Any CPU
		{18BAE45F-DC8B-12CA-736C-CA213E8123C8}.Debug|Any CPU.Build.0 = Debug|Any CPU
		{18BAE45F-DC8B-12CA-736C-CA213E8123C8}.Release|Any CPU.ActiveCfg = Release|Any CPU
		{18BAE45F-DC8B-12CA-736C-CA213E8123C8}.Release|Any CPU.Build.0 = Release|Any CPU
		{4960EE57-B4F9-FBB1-73F6-19878713883A}.Debug|Any CPU.ActiveCfg = Debug|Any CPU
		{4960EE57-B4F9-FBB1-73F6-19878713883A}.Debug|Any CPU.Build.0 = Debug|Any CPU
		{4960EE57-B4F9-FBB1-73F6-19878713883A}.Release|Any CPU.ActiveCfg = Release|Any CPU
		{4960EE57-B4F9-FBB1-73F6-19878713883A}.Release|Any CPU.Build.0 = Release|Any CPU
		{5875C1A7-76DA-B20F-109C-7B5086525BA2}.Debug|Any CPU.ActiveCfg = Debug|Any CPU
		{5875C1A7-76DA-B20F-109C-7B5086525BA2}.Debug|Any CPU.Build.0 = Debug|Any CPU
		{5875C1A7-76DA-B20F-109C-7B5086525BA2}.Release|Any CPU.ActiveCfg = Release|Any CPU
		{5875C1A7-76DA-B20F-109C-7B5086525BA2}.Release|Any CPU.Build.0 = Release|Any CPU
		{457D184C-A712-8E9C-843E-29E0D34374A0}.Debug|Any CPU.ActiveCfg = Debug|Any CPU
		{457D184C-A712-8E9C-843E-29E0D34374A0}.Debug|Any CPU.Build.0 = Debug|Any CPU
		{457D184C-A712-8E9C-843E-29E0D34374A0}.Release|Any CPU.ActiveCfg = Release|Any CPU
		{457D184C-A712-8E9C-843E-29E0D34374A0}.Release|Any CPU.Build.0 = Release|Any CPU
		{3FDD640B-12D1-122A-F3D3-1DD0F7BB367A}.Debug|Any CPU.ActiveCfg = Debug|Any CPU
		{3FDD640B-12D1-122A-F3D3-1DD0F7BB367A}.Debug|Any CPU.Build.0 = Debug|Any CPU
		{3FDD640B-12D1-122A-F3D3-1DD0F7BB367A}.Release|Any CPU.ActiveCfg = Release|Any CPU
		{3FDD640B-12D1-122A-F3D3-1DD0F7BB367A}.Release|Any CPU.Build.0 = Release|Any CPU
		{8E1329C1-7397-E51F-11F4-31CAC6F28F4C}.Debug|Any CPU.ActiveCfg = Debug|Any CPU
		{8E1329C1-7397-E51F-11F4-31CAC6F28F4C}.Debug|Any CPU.Build.0 = Debug|Any CPU
		{8E1329C1-7397-E51F-11F4-31CAC6F28F4C}.Release|Any CPU.ActiveCfg = Release|Any CPU
		{8E1329C1-7397-E51F-11F4-31CAC6F28F4C}.Release|Any CPU.Build.0 = Release|Any CPU
		{F5019A37-72DF-161D-8C46-B67B5BEC56F6}.Debug|Any CPU.ActiveCfg = Debug|Any CPU
		{F5019A37-72DF-161D-8C46-B67B5BEC56F6}.Debug|Any CPU.Build.0 = Debug|Any CPU
		{F5019A37-72DF-161D-8C46-B67B5BEC56F6}.Release|Any CPU.ActiveCfg = Release|Any CPU
		{F5019A37-72DF-161D-8C46-B67B5BEC56F6}.Release|Any CPU.Build.0 = Release|Any CPU
		{A7B8FD47-D0E3-8C39-E496-14C6E10E3DF3}.Debug|Any CPU.ActiveCfg = Debug|Any CPU
		{A7B8FD47-D0E3-8C39-E496-14C6E10E3DF3}.Debug|Any CPU.Build.0 = Debug|Any CPU
		{A7B8FD47-D0E3-8C39-E496-14C6E10E3DF3}.Release|Any CPU.ActiveCfg = Release|Any CPU
		{A7B8FD47-D0E3-8C39-E496-14C6E10E3DF3}.Release|Any CPU.Build.0 = Release|Any CPU
		{9E0B2B19-C02F-E627-B21A-9BB661CB485E}.Debug|Any CPU.ActiveCfg = Debug|Any CPU
		{9E0B2B19-C02F-E627-B21A-9BB661CB485E}.Debug|Any CPU.Build.0 = Debug|Any CPU
		{9E0B2B19-C02F-E627-B21A-9BB661CB485E}.Release|Any CPU.ActiveCfg = Release|Any CPU
		{9E0B2B19-C02F-E627-B21A-9BB661CB485E}.Release|Any CPU.Build.0 = Release|Any CPU
		{623D8A61-EEB2-7045-2C2F-120A784A22EB}.Debug|Any CPU.ActiveCfg = Debug|Any CPU
		{623D8A61-EEB2-7045-2C2F-120A784A22EB}.Debug|Any CPU.Build.0 = Debug|Any CPU
		{623D8A61-EEB2-7045-2C2F-120A784A22EB}.Release|Any CPU.ActiveCfg = Release|Any CPU
		{623D8A61-EEB2-7045-2C2F-120A784A22EB}.Release|Any CPU.Build.0 = Release|Any CPU
		{38936372-AA27-649F-50F4-1C694B6B2E78}.Debug|Any CPU.ActiveCfg = Debug|Any CPU
		{38936372-AA27-649F-50F4-1C694B6B2E78}.Debug|Any CPU.Build.0 = Debug|Any CPU
		{38936372-AA27-649F-50F4-1C694B6B2E78}.Release|Any CPU.ActiveCfg = Release|Any CPU
		{38936372-AA27-649F-50F4-1C694B6B2E78}.Release|Any CPU.Build.0 = Release|Any CPU
		{C701DE2B-F8F5-102F-188F-D8C98F34D6EA}.Debug|Any CPU.ActiveCfg = Debug|Any CPU
		{C701DE2B-F8F5-102F-188F-D8C98F34D6EA}.Debug|Any CPU.Build.0 = Debug|Any CPU
		{C701DE2B-F8F5-102F-188F-D8C98F34D6EA}.Release|Any CPU.ActiveCfg = Release|Any CPU
		{C701DE2B-F8F5-102F-188F-D8C98F34D6EA}.Release|Any CPU.Build.0 = Release|Any CPU
		{CC504D0F-3756-A392-3C2E-767631724D41}.Debug|Any CPU.ActiveCfg = Debug|Any CPU
		{CC504D0F-3756-A392-3C2E-767631724D41}.Debug|Any CPU.Build.0 = Debug|Any CPU
		{CC504D0F-3756-A392-3C2E-767631724D41}.Release|Any CPU.ActiveCfg = Release|Any CPU
		{CC504D0F-3756-A392-3C2E-767631724D41}.Release|Any CPU.Build.0 = Release|Any CPU
		{A88AF4E9-F52D-299A-387A-D363B31FF264}.Debug|Any CPU.ActiveCfg = Debug|Any CPU
		{A88AF4E9-F52D-299A-387A-D363B31FF264}.Debug|Any CPU.Build.0 = Debug|Any CPU
		{A88AF4E9-F52D-299A-387A-D363B31FF264}.Release|Any CPU.ActiveCfg = Release|Any CPU
		{A88AF4E9-F52D-299A-387A-D363B31FF264}.Release|Any CPU.Build.0 = Release|Any CPU
		{F02D5463-17C9-D9CA-9C14-3F3426C45022}.Debug|Any CPU.ActiveCfg = Debug|Any CPU
		{F02D5463-17C9-D9CA-9C14-3F3426C45022}.Debug|Any CPU.Build.0 = Debug|Any CPU
		{F02D5463-17C9-D9CA-9C14-3F3426C45022}.Release|Any CPU.ActiveCfg = Release|Any CPU
		{F02D5463-17C9-D9CA-9C14-3F3426C45022}.Release|Any CPU.Build.0 = Release|Any CPU
	EndGlobalSection
	GlobalSection(SolutionProperties) = preSolution
		HideSolutionNode = FALSE
	EndGlobalSection
EndGlobal
